
Microsoft Visual Studio Solution File, Format Version 12.00
# Visual Studio 2012
Project("{FAE04EC0-301F-11D3-BF4B-00C04F79EFBC}") = "IconSorter", "IconSorter\IconSorter.csproj", "{720E192E-10B8-4B34-95F6-F82ED19210F2}"
EndProject
Global
	GlobalSection(SolutionConfigurationPlatforms) = preSolution
		Debug|Any CPU = Debug|Any CPU
		Release|Any CPU = Release|Any CPU
	EndGlobalSection
	GlobalSection(ProjectConfigurationPlatforms) = postSolution
		{720E192E-10B8-4B34-95F6-F82ED19210F2}.Debug|Any CPU.ActiveCfg = Debug|Any CPU
		{720E192E-10B8-4B34-95F6-F82ED19210F2}.Debug|Any CPU.Build.0 = Debug|Any CPU
		{720E192E-10B8-4B34-95F6-F82ED19210F2}.Release|Any CPU.ActiveCfg = Release|Any CPU
		{720E192E-10B8-4B34-95F6-F82ED19210F2}.Release|Any CPU.Build.0 = Release|Any CPU
	EndGlobalSection
	GlobalSection(SolutionProperties) = preSolution
		HideSolutionNode = FALSE
	EndGlobalSection
EndGlobal
